
Microsoft Visual Studio Solution File, Format Version 12.00
# Visual Studio Version 16
VisualStudioVersion = 16.0.30309.148
MinimumVisualStudioVersion = 10.0.40219.1
Project("{FAE04EC0-301F-11D3-BF4B-00C04F79EFBC}") = "My First Series of Code", "My First Series of Code\My First Series of Code.csproj", "{FAE6451B-462A-4F09-AAE4-7F20080DEAD2}"
EndProject
Global
	GlobalSection(SolutionConfigurationPlatforms) = preSolution
		Debug|Any CPU = Debug|Any CPU
		Release|Any CPU = Release|Any CPU
	EndGlobalSection
	GlobalSection(ProjectConfigurationPlatforms) = postSolution
		{FAE6451B-462A-4F09-AAE4-7F20080DEAD2}.Debug|Any CPU.ActiveCfg = Debug|Any CPU
		{FAE6451B-462A-4F09-AAE4-7F20080DEAD2}.Debug|Any CPU.Build.0 = Debug|Any CPU
		{FAE6451B-462A-4F09-AAE4-7F20080DEAD2}.Release|Any CPU.ActiveCfg = Release|Any CPU
		{FAE6451B-462A-4F09-AAE4-7F20080DEAD2}.Release|Any CPU.Build.0 = Release|Any CPU
	EndGlobalSection
	GlobalSection(SolutionProperties) = preSolution
		HideSolutionNode = FALSE
	EndGlobalSection
	GlobalSection(ExtensibilityGlobals) = postSolution
		SolutionGuid = {73F5CA16-EE50-4216-B5C6-01A7023B7FC6}
	EndGlobalSection
EndGlobal
